Microsoft Visual Studio Solution File, Format Version 12.00
# Visual Studio Version 17
VisualStudioVersion = 17.5.2.0
MinimumVisualStudioVersion = 10.0.40219.1
Project("{FAE04EC0-301F-11D3-BF4B-00C04F79EFBC}") = "SimpleApiServer", "SimpleApiServer.csproj", "{0146874F-B6CA-7348-2E7E-89AB387EBB82}"
EndProject
Global
	GlobalSection(SolutionConfigurationPlatforms) = preSolution
		Debug|Any CPU = Debug|Any CPU
		Release|Any CPU = Release|Any CPU
	EndGlobalSection
	GlobalSection(ProjectConfigurationPlatforms) = postSolution
		{0146874F-B6CA-7348-2E7E-89AB387EBB82}.Debug|Any CPU.ActiveCfg = Debug|Any CPU
		{0146874F-B6CA-7348-2E7E-89AB387EBB82}.Debug|Any CPU.Build.0 = Debug|Any CPU
		{0146874F-B6CA-7348-2E7E-89AB387EBB82}.Release|Any CPU.ActiveCfg = Release|Any CPU
		{0146874F-B6CA-7348-2E7E-89AB387EBB82}.Release|Any CPU.Build.0 = Release|Any CPU
	EndGlobalSection
	GlobalSection(SolutionProperties) = preSolution
		HideSolutionNode = FALSE
	EndGlobalSection
	GlobalSection(ExtensibilityGlobals) = postSolution
		SolutionGuid = {2138C649-6F4A-4E52-A793-E197FE48037F}
	EndGlobalSection
EndGlobal
